{
  "name": "scoutingapp",
  "lockfileVersion": 3,
  "requires": true,
  "packages": {
    "": {
      "dependencies": {
        "jsqr-es6": "^1.4.0-1"
      }
    },
    "node_modules/jsqr-es6": {
      "version": "1.4.0-1",
      "resolved": "https://registry.npmjs.org/jsqr-es6/-/jsqr-es6-1.4.0-1.tgz",
      "integrity": "sha512-LPWZJLI+3LLOy9k3/s/MeXlkfNOs3bYBX5O+fp4N0XuxbgO8H7Uc/nYZeNwo13nSZXRW9xWFKmZdy9591+PyAg=="
    }
  }
}
